// !$*UTF8*$!
{
	archiveVersion = 1;
	classes = {
	};
	objectVersion = 46;
	objects = {

/* Begin PBXBuildFile section */
		5F9358211D4395D500AAD613 /* main.swift in Sources */ = {isa = PBXBuildFile; fileRef = 5F9358201D4395D500AAD613 /* main.swift */; };
/* End PBXBuildFile section */

/* Begin PBXCopyFilesBuildPhase section */
		5F93581B1D4395D500AAD613 /* CopyFiles */ = {
			isa = PBXCopyFilesBuildPhase;
			buildActionMask = 2147483647;
			dstPath = /usr/share/man/man1/;
			dstSubfolderSpec = 0;
			files = (
			);
			runOnlyForDeploymentPostprocessing = 1;
		};
/* End PBXCopyFilesBuildPhase section */

/* Begin PBXFileReference section */
		5F9358181D43925F00AAD613 /* Package.swift */ = {isa = PBXFileReference; lastKnownFileType = sourcecode.swift; path = Package.swift; sourceTree = "<group>"; };
		5F93581D1D4395D500AAD613 /* App */ = {isa = PBXFileReference; explicitFileType = "compiled.mach-o.executable"; includeInIndex = 0; path = App; sourceTree = BUILT_PRODUCTS_DIR; };
		5F9358201D4395D500AAD613 /* main.swift */ = {isa = PBXFileReference; lastKnownFileType = sourcecode.swift; path = main.swift; sourceTree = "<group>"; };
		5F9358381D439DE900AAD613 /* Debug.xcconfig */ = {isa = PBXFileReference; lastKnownFileType = text.xcconfig; path = Debug.xcconfig; sourceTree = "<group>"; };
		5F9358391D439DE900AAD613 /* Project.xcconfig */ = {isa = PBXFileReference; lastKnownFileType = text.xcconfig; path = Project.xcconfig; sourceTree = "<group>"; };
		5F93583A1D439DE900AAD613 /* Warnings.xcconfig */ = {isa = PBXFileReference; lastKnownFileType = text.xcconfig; path = Warnings.xcconfig; sourceTree = "<group>"; };
/* End PBXFileReference section */

/* Begin PBXFrameworksBuildPhase section */
		5F93581A1D4395D500AAD613 /* Frameworks */ = {
			isa = PBXFrameworksBuildPhase;
			buildActionMask = 2147483647;
			files = (
			);
			runOnlyForDeploymentPostprocessing = 0;
		};
/* End PBXFrameworksBuildPhase section */

/* Begin PBXGroup section */
		5F9358101D4391B600AAD613 = {
			isa = PBXGroup;
			children = (
				5F9358181D43925F00AAD613 /* Package.swift */,
				5F93581F1D4395D500AAD613 /* App */,
				5F93581E1D4395D500AAD613 /* Products */,
				5F9358371D439DE900AAD613 /* XCConfig */,
			);
			sourceTree = "<group>";
		};
		5F93581E1D4395D500AAD613 /* Products */ = {
			isa = PBXGroup;
			children = (
				5F93581D1D4395D500AAD613 /* App */,
			);
			name = Products;
			sourceTree = "<group>";
		};
		5F93581F1D4395D500AAD613 /* App */ = {
			isa = PBXGroup;
			children = (
				5F9358201D4395D500AAD613 /* main.swift */,
			);
			path = App;
			sourceTree = "<group>";
		};
		5F9358371D439DE900AAD613 /* XCConfig */ = {
			isa = PBXGroup;
			children = (
				5F9358381D439DE900AAD613 /* Debug.xcconfig */,
				5F9358391D439DE900AAD613 /* Project.xcconfig */,
				5F93583A1D439DE900AAD613 /* Warnings.xcconfig */,
			);
			path = XCConfig;
			sourceTree = "<group>";
		};
/* End PBXGroup section */

/* Begin PBXNativeTarget section */
		5F93581C1D4395D500AAD613 /* App */ = {
			isa = PBXNativeTarget;
			buildConfigurationList = 5F9358221D4395D500AAD613 /* Build configuration list for PBXNativeTarget "App" */;
			buildPhases = (
				5F9358191D4395D500AAD613 /* Sources */,
				5F93581A1D4395D500AAD613 /* Frameworks */,
				5F93581B1D4395D500AAD613 /* CopyFiles */,
			);
			buildRules = (
			);
			dependencies = (
			);
			name = App;
			productName = App;
			productReference = 5F93581D1D4395D500AAD613 /* App */;
			productType = "com.apple.product-type.tool";
		};
/* End PBXNativeTarget section */

/* Begin PBXProject section */
		5F9358111D4391B600AAD613 /* Project object */ = {
			isa = PBXProject;
			attributes = {
				LastSwiftUpdateCheck = 0800;
				LastUpgradeCheck = 0800;
				TargetAttributes = {
					5F93581C1D4395D500AAD613 = {
						CreatedOnToolsVersion = 8.0;
						DevelopmentTeam = VWZ8DUTWFQ;
						DevelopmentTeamName = "Siemen Sikkema (Personal Team)";
						ProvisioningStyle = Automatic;
					};
				};
			};
			buildConfigurationList = 5F9358141D4391B600AAD613 /* Build configuration list for PBXProject "blog-backend" */;
			compatibilityVersion = "Xcode 3.2";
			developmentRegion = English;
			hasScannedForEncodings = 0;
			knownRegions = (
				en,
			);
			mainGroup = 5F9358101D4391B600AAD613;
			productRefGroup = 5F93581E1D4395D500AAD613 /* Products */;
			projectDirPath = "";
			projectRoot = "";
			targets = (
				5F93581C1D4395D500AAD613 /* App */,
			);
		};
/* End PBXProject section */

/* Begin PBXSourcesBuildPhase section */
		5F9358191D4395D500AAD613 /* Sources */ = {
			isa = PBXSourcesBuildPhase;
			buildActionMask = 2147483647;
			files = (
				5F9358211D4395D500AAD613 /* main.swift in Sources */,
			);
			runOnlyForDeploymentPostprocessing = 0;
		};
/* End PBXSourcesBuildPhase section */

/* Begin XCBuildConfiguration section */
		5F9358151D4391B600AAD613 /* Debug */ = {
			isa = XCBuildConfiguration;
			baseConfigurationReference = 5F9358381D439DE900AAD613 /* Debug.xcconfig */;
			buildSettings = {
			};
			name = Debug;
		};
		5F9358161D4391B600AAD613 /* Release */ = {
			isa = XCBuildConfiguration;
			baseConfigurationReference = 5F9358391D439DE900AAD613 /* Project.xcconfig */;
			buildSettings = {
			};
			name = Release;
		};
		5F9358231D4395D500AAD613 /* Debug */ = {
			isa = XCBuildConfiguration;
			buildSettings = {
				SWIFT_OPTIMIZATION_LEVEL = "-Onone";
			};
			name = Debug;
		};
		5F9358241D4395D500AAD613 /* Release */ = {
			isa = XCBuildConfiguration;
			buildSettings = {
			};
			name = Release;
		};
/* End XCBuildConfiguration section */

/* Begin XCConfigurationList section */
		5F9358141D4391B600AAD613 /* Build configuration list for PBXProject "blog-backend" */ = {
			isa = XCConfigurationList;
			buildConfigurations = (
				5F9358151D4391B600AAD613 /* Debug */,
				5F9358161D4391B600AAD613 /* Release */,
			);
			defaultConfigurationIsVisible = 0;
			defaultConfigurationName = Release;
		};
		5F9358221D4395D500AAD613 /* Build configuration list for PBXNativeTarget "App" */ = {
			isa = XCConfigurationList;
			buildConfigurations = (
				5F9358231D4395D500AAD613 /* Debug */,
				5F9358241D4395D500AAD613 /* Release */,
			);
			defaultConfigurationIsVisible = 0;
		};
/* End XCConfigurationList section */
	};
	rootObject = 5F9358111D4391B600AAD613 /* Project object */;
}
